
Microsoft Visual Studio Solution File, Format Version 12.00
# Visual Studio 15
Project("{FAE04EC0-301F-11D3-BF4B-00C04F79EFBC}") = "CFXRDemo", "CFXRDemo.csproj", "{2394ACEF-1D13-8DF5-5BEB-3160C2429EEB}"
EndProject
Project("{FAE04EC0-301F-11D3-BF4B-00C04F79EFBC}") = "Assembly-CSharp", "Assembly-CSharp.csproj", "{AD9B82C9-BDBC-1B2C-4E33-5606A72167FA}"
EndProject
Project("{FAE04EC0-301F-11D3-BF4B-00C04F79EFBC}") = "CFXRRuntime", "CFXRRuntime.csproj", "{5711C5C3-FA73-43B1-22B8-9CA38C4E2A7B}"
EndProject
Project("{FAE04EC0-301F-11D3-BF4B-00C04F79EFBC}") = "KinoBloom.Runtime", "KinoBloom.Runtime.csproj", "{773D00D6-64B2-F9CD-EF18-9004E323F983}"
EndProject
Project("{FAE04EC0-301F-11D3-BF4B-00C04F79EFBC}") = "CFXREditor", "CFXREditor.csproj", "{F385BB2C-5F40-76C1-6953-50B1433AFF3F}"
EndProject
Project("{FAE04EC0-301F-11D3-BF4B-00C04F79EFBC}") = "CFXR.WelcomeScreen", "CFXR.WelcomeScreen.csproj", "{92B5C09B-C21F-FA9B-BBCA-7D63851AAC6E}"
EndProject
Project("{FAE04EC0-301F-11D3-BF4B-00C04F79EFBC}") = "ToonyColorsPro.Demo.Editor", "ToonyColorsPro.Demo.Editor.csproj", "{B2438A57-D2B7-9F00-B39B-1CE0D8549774}"
EndProject
Global
	GlobalSection(SolutionConfigurationPlatforms) = preSolution
		Debug|Any CPU = Debug|Any CPU
		Release|Any CPU = Release|Any CPU
	EndGlobalSection
	GlobalSection(ProjectConfigurationPlatforms) = postSolution
		{2394ACEF-1D13-8DF5-5BEB-3160C2429EEB}.Debug|Any CPU.ActiveCfg = Debug|Any CPU
		{2394ACEF-1D13-8DF5-5BEB-3160C2429EEB}.Debug|Any CPU.Build.0 = Debug|Any CPU
		{2394ACEF-1D13-8DF5-5BEB-3160C2429EEB}.Release|Any CPU.ActiveCfg = Release|Any CPU
		{2394ACEF-1D13-8DF5-5BEB-3160C2429EEB}.Release|Any CPU.Build.0 = Release|Any CPU
		{AD9B82C9-BDBC-1B2C-4E33-5606A72167FA}.Debug|Any CPU.ActiveCfg = Debug|Any CPU
		{AD9B82C9-BDBC-1B2C-4E33-5606A72167FA}.Debug|Any CPU.Build.0 = Debug|Any CPU
		{AD9B82C9-BDBC-1B2C-4E33-5606A72167FA}.Release|Any CPU.ActiveCfg = Release|Any CPU
		{AD9B82C9-BDBC-1B2C-4E33-5606A72167FA}.Release|Any CPU.Build.0 = Release|Any CPU
		{5711C5C3-FA73-43B1-22B8-9CA38C4E2A7B}.Debug|Any CPU.ActiveCfg = Debug|Any CPU
		{5711C5C3-FA73-43B1-22B8-9CA38C4E2A7B}.Debug|Any CPU.Build.0 = Debug|Any CPU
		{5711C5C3-FA73-43B1-22B8-9CA38C4E2A7B}.Release|Any CPU.ActiveCfg = Release|Any CPU
		{5711C5C3-FA73-43B1-22B8-9CA38C4E2A7B}.Release|Any CPU.Build.0 = Release|Any CPU
		{773D00D6-64B2-F9CD-EF18-9004E323F983}.Debug|Any CPU.ActiveCfg = Debug|Any CPU
		{773D00D6-64B2-F9CD-EF18-9004E323F983}.Debug|Any CPU.Build.0 = Debug|Any CPU
		{773D00D6-64B2-F9CD-EF18-9004E323F983}.Release|Any CPU.ActiveCfg = Release|Any CPU
		{773D00D6-64B2-F9CD-EF18-9004E323F983}.Release|Any CPU.Build.0 = Release|Any CPU
		{F385BB2C-5F40-76C1-6953-50B1433AFF3F}.Debug|Any CPU.ActiveCfg = Debug|Any CPU
		{F385BB2C-5F40-76C1-6953-50B1433AFF3F}.Debug|Any CPU.Build.0 = Debug|Any CPU
		{F385BB2C-5F40-76C1-6953-50B1433AFF3F}.Release|Any CPU.ActiveCfg = Release|Any CPU
		{F385BB2C-5F40-76C1-6953-50B1433AFF3F}.Release|Any CPU.Build.0 = Release|Any CPU
		{92B5C09B-C21F-FA9B-BBCA-7D63851AAC6E}.Debug|Any CPU.ActiveCfg = Debug|Any CPU
		{92B5C09B-C21F-FA9B-BBCA-7D63851AAC6E}.Debug|Any CPU.Build.0 = Debug|Any CPU
		{92B5C09B-C21F-FA9B-BBCA-7D63851AAC6E}.Release|Any CPU.ActiveCfg = Release|Any CPU
		{92B5C09B-C21F-FA9B-BBCA-7D63851AAC6E}.Release|Any CPU.Build.0 = Release|Any CPU
		{B2438A57-D2B7-9F00-B39B-1CE0D8549774}.Debug|Any CPU.ActiveCfg = Debug|Any CPU
		{B2438A57-D2B7-9F00-B39B-1CE0D8549774}.Debug|Any CPU.Build.0 = Debug|Any CPU
		{B2438A57-D2B7-9F00-B39B-1CE0D8549774}.Release|Any CPU.ActiveCfg = Release|Any CPU
		{B2438A57-D2B7-9F00-B39B-1CE0D8549774}.Release|Any CPU.Build.0 = Release|Any CPU
	EndGlobalSection
	GlobalSection(SolutionProperties) = preSolution
		HideSolutionNode = FALSE
	EndGlobalSection
EndGlobal
